# This file is automatically @generated by Poetry 2.1.4 and should not be changed by hand.

[[package]]
name = "fastapi"
version = "0.103.2"
description = "FastAPI framework, high performance, easy to learn, fast to code, ready for production"
optional = false
python-versions = ">=3.8"
files = []

[package.dependencies]
pydantic = ">=1.10.0,<2.0.0"
starlette = ">=0.27.0,<0.28.0"
typing-extensions = ">=4.5.0,<5.0.0"

[[package]]
name = "pydantic"
version = "1.10.14"
description = "Data validation and settings management using python type annotations"
optional = false
python-versions = ">=3.7"
files = []

[package.dependencies]
python-dateutil = ">=2.7.0"
typing-extensions = ">=4.6.0,<5.0.0"

[[package]]
name = "prefect"
version = "2.14.9"
description = "The Prefect orchestration engine"
optional = false
python-versions = ">=3.8"
files = []

[[package]]
name = "uvicorn"
version = "0.23.2"
description = "The lightning-fast ASGI server."
optional = false
python-versions = ">=3.8"
files = []

[package.dependencies]
click = ">=7.0"
h11 = ">=0.8"
httptools = ">=0.5.0"
python-dotenv = ">=0.13"
pydantic = ">=1.10.0,<2.0.0"
PyYAML = ">=5.1"

[[package]]
name = "sqlalchemy"
version = "2.0.20"
description = "Database Abstraction Library"
optional = false
python-versions = ">=3.7"
files = []

[[package]]
name = "pandas"
version = "2.1.1"
description = "Powerful data structures for data analysis, time series, and statistics"
optional = false
python-versions = ">=3.9"
files = []

[[package]]
name = "numpy"
version = "1.26.0"
description = "NumPy is the fundamental package for array computing with Python."
optional = false
python-versions = ">=3.9"
files = []

[[package]]
name = "pytest"
version = "7.4.2"
description = "pytest: simple powerful testing with Python"
optional = false
python-versions = ">=3.7"
files = []

[metadata]
lock-version = "2.0"
python-versions = "^3.11"
content-hash = "manual-lock"

[metadata.files]
fastapi = []
pydantic = []
prefect = []
uvicorn = []
sqlalchemy = []
pandas = []
numpy = []
pytest = []
